{
  "name": "facilitron-news",
  "version": "1.0.0",
  "lockfileVersion": 1,
  "requires": true,
  "dependencies": {
    "node-fetch": {
      "version": "2.0.0-alpha.9",
      "resolved": "https://registry.npmjs.org/node-fetch/-/node-fetch-2.0.0-alpha.9.tgz",
      "integrity": "sha512-I7wP1QkmBNX1mt4BS5zyLRTegl5Ii+MSalpfFefn+EZFrGVsdfCvLTKt9eHkNlU4phKgp3tqLWW8VXDcCm9m9w=="
    }
  }
}
